{
  "name": "preschool",
  "version": "1.0.0",
  "lockfileVersion": 1,
  "requires": true,
  "dependencies": {
    "8521-10759": {
      "version": "1.0.0",
      "resolved": "https://ts.sch.gr/npm/8521-10759/-/8521-10759-1.0.0.tgz",
      "integrity": "sha512-ADue8jlVF/JJSSlr2ww2dWb2IVO9dW4NGsKpoLgq2t0Dj7N20nqddz6E25HbzvrsRlx9iLCXCbIxxlECPTG27g=="
    },
    "8521-10760": {
      "version": "1.0.0",
      "resolved": "https://ts.sch.gr/npm/8521-10760/-/8521-10760-1.0.0.tgz",
      "integrity": "sha512-p2ticooGoSE9LmYW+u13qC6/4zCj6GGKUn2o4ubT3XLCSUc/b6Wvsymhy0Sa2P4Rnfs4qX3YaF2Sb8QnEk2zug=="
    },
    "8521-10761": {
      "version": "1.0.0",
      "resolved": "https://ts.sch.gr/npm/8521-10761/-/8521-10761-1.0.0.tgz",
      "integrity": "sha512-hGbTkuMP6DwSE5nJ+7GnBDDZSMCEhh5Om/y7XsDK6etDUIhFgNFln5rESCMtdoOjRKrGxzx2CXsWmEoKVzZ1gA=="
    },
    "8521-10762": {
      "version": "1.0.0",
      "resolved": "https://ts.sch.gr/npm/8521-10762/-/8521-10762-1.0.0.tgz",
      "integrity": "sha512-9FBxKdT1aWco+tKHNk/06o0P2RwcKoTyyQDCJ+mD6UOpAFKDtD+jkbpaArWIkj/Y2Hcmtle8jwtDEIuTRon+1Q=="
    },
    "8521-10763": {
      "version": "1.0.0",
      "resolved": "https://ts.sch.gr/npm/8521-10763/-/8521-10763-1.0.0.tgz",
      "integrity": "sha512-hEWaRzYy9bt1xuSR4wjGIMbx2DupzKKNR4af8tuyC8MkNdjEJ3z89tNRO1i9YjVxrVRRQspF7M+Xf6f9jMepnw=="
    },
    "8521-10764": {
      "version": "1.0.0",
      "resolved": "https://ts.sch.gr/npm/8521-10764/-/8521-10764-1.0.0.tgz",
      "integrity": "sha512-XJ6RlvBzLGLDJmFRLwuAE0NPglLw3z+GOcRSORQswK9jidchtVvW0FafthYYcA0NxuONPQhv73+ZMETxJOp3Dw=="
    },
    "8521-10765": {
      "version": "1.0.0",
      "resolved": "https://ts.sch.gr/npm/8521-10765/-/8521-10765-1.0.0.tgz",
      "integrity": "sha512-EoRqRW6/g2v+o76Wmu555/alRAjyxQh0XLC4DHtFJ+twOjeZzuKAcmv7s3w/AaY2TdGbgQCLzjcIL0VJwvLpJA=="
    },
    "8521-10766": {
      "version": "1.0.0",
      "resolved": "https://ts.sch.gr/npm/8521-10766/-/8521-10766-1.0.0.tgz",
      "integrity": "sha512-1tn7P+iNmNann7YIgNF3GgGmk1Es6j7rVAuYvFTDaxzTbeNUQp5fX7f2XdEUan0/f/FNAQavd9avU8Hd/seG1Q=="
    },
    "8521-10767": {
      "version": "1.0.0",
      "resolved": "https://ts.sch.gr/npm/8521-10767/-/8521-10767-1.0.0.tgz",
      "integrity": "sha512-JA05jJOUKSL57mRY8WbV6NlznELGapPQg3ah0eaG/e+rNNS6wrENBFzwayOsn5zU0YQK8RsaGOxBuCc3FmcYvQ=="
    },
    "8521-10768": {
      "version": "1.0.0",
      "resolved": "https://ts.sch.gr/npm/8521-10768/-/8521-10768-1.0.0.tgz",
      "integrity": "sha512-1/GL5zjsHmaGg1WPMzYnRlg1L9wSZQNgGTDqP6KoXNknGN4mTfwSku4t/wEemk8EHD6NPcDq9Ewev9H4Y5I5GQ=="
    },
    "8521-10769": {
      "version": "1.0.0",
      "resolved": "https://ts.sch.gr/npm/8521-10769/-/8521-10769-1.0.0.tgz",
      "integrity": "sha512-IgThnb6tkd8GxZ47pHLCyYUz9rTw9Yi+sjRvqY9BmbaVEXGDysLoMXPbIUj9QvI3tyJ6CSFbpvPJOIqYMdbxzw=="
    },
    "8521-10770": {
      "version": "1.0.0",
      "resolved": "https://ts.sch.gr/npm/8521-10770/-/8521-10770-1.0.0.tgz",
      "integrity": "sha512-RH6Wfe6dckfpp49G+OBSkeVmUh5egpa/MCb6wlX9Ux+Pv6IGVYlutv1bTdG5PWSg+lC42it/XbjFyMPtFMnfNA=="
    },
    "8521-10771": {
      "version": "1.0.0",
      "resolved": "https://ts.sch.gr/npm/8521-10771/-/8521-10771-1.0.0.tgz",
      "integrity": "sha512-I0m39TeZf/txjX+bxrxmV/fgRGRenRS4U/BamavHD89IgBuc+DASRBEJQQhoxZ6ZKONCIWtz1gBSJFBuS9rV/A=="
    },
    "8521-10772": {
      "version": "1.0.0",
      "resolved": "https://ts.sch.gr/npm/8521-10772/-/8521-10772-1.0.0.tgz",
      "integrity": "sha512-yXJ4OUY3lX0GdymQPghHI+3HLj/qYkht8Vsv+gpobd/YUYuSho6B+AfRj8dRtfnhoHeAdv/A7ZbpU4lzeKd5hQ=="
    },
    "8521-10773": {
      "version": "1.0.0",
      "resolved": "https://ts.sch.gr/npm/8521-10773/-/8521-10773-1.0.0.tgz",
      "integrity": "sha512-GEk1l4VFAi+kv9//LntSQVk/EKB9ksNXGCLu8HA/br5htLmzjKW+crgMkcM7ZMq8gK/tAEewYBj3wtTj+8cw5A=="
    },
    "8521-10774": {
      "version": "1.0.0",
      "resolved": "https://ts.sch.gr/npm/8521-10774/-/8521-10774-1.0.0.tgz",
      "integrity": "sha512-6mC0ttEQBNxDy3sv0/akPPDaWsTk0JCw121KdIIQZ3RVUM1x0COMSMgZC8QduqdasaeBTcKbumXtbUz3IeuH8A=="
    },
    "8521-10775": {
      "version": "1.0.0",
      "resolved": "https://ts.sch.gr/npm/8521-10775/-/8521-10775-1.0.0.tgz",
      "integrity": "sha512-l5itZCEY6HA5mhDM/GG/rPzfmp8El3B4TYmZbdm3THJ74ZV1gL8fBIDjD9ELmeD1qFHzvAL6+zy9Th8pwI3BRA=="
    },
    "8521-10776": {
      "version": "1.0.0",
      "resolved": "https://ts.sch.gr/npm/8521-10776/-/8521-10776-1.0.0.tgz",
      "integrity": "sha512-iOetw9v9Xmafv7wdmj4K8u6Bc3uwWyY0L0MGiLXdxhJ4Oty9rJe7yTVb6c6IpT1M3HtfXxEDBuFzSkjHMEUaJg=="
    },
    "8521-10777": {
      "version": "1.0.0",
      "resolved": "https://ts.sch.gr/npm/8521-10777/-/8521-10777-1.0.0.tgz",
      "integrity": "sha512-wLeACu8c8ZqOMU4oazvfxNlvXf7i7RSDBPiMgVfLSqt0hHbJzmv3+pSdMVQycH9a9o3oX1HcAgyS9GClWBAC+Q=="
    },
    "8521-10778": {
      "version": "1.0.0",
      "resolved": "https://ts.sch.gr/npm/8521-10778/-/8521-10778-1.0.0.tgz",
      "integrity": "sha512-doBr2eCnWVbdzy4W644XtLqwsMpphXaVwfmD0dO5fRrXm/Vx224y2AUMA7lIUKejwt/zlP4LzvcX9XLtYIcAZA=="
    },
    "8521-10811": {
      "version": "1.0.0",
      "resolved": "https://ts.sch.gr/npm/8521-10811/-/8521-10811-1.0.0.tgz",
      "integrity": "sha512-UJ+e6aOoHLyNMqrkFAUoITpvVQsWUGPlu14EhkTQZR1s31fr7yu2eeNhb7AT/5tNioX1bfM2zDo56x41jFpNXA=="
    },
    "8521-10812": {
      "version": "1.0.0",
      "resolved": "https://ts.sch.gr/npm/8521-10812/-/8521-10812-1.0.0.tgz",
      "integrity": "sha512-Hav3uc7wS80zHbcCTyFavG8az/0/lFDB73Fm6ck51+JOkJYpCYLQ2RZODpC2d16nY8OC3AC0CYMm6LNnHPae2Q=="
    },
    "8521-10853": {
      "version": "1.0.0",
      "resolved": "https://ts.sch.gr/npm/8521-10853/-/8521-10853-1.0.0.tgz",
      "integrity": "sha512-OjDL6JKaapRx69nLYV6wJBXaP9jKIJvcZYchUdc2GLhfCOBmYyfSHGEHteNYobAHCkBXl1S2vsvpjqAYUAmYAA=="
    },
    "8521-11286": {
      "version": "1.0.0",
      "resolved": "https://ts.sch.gr/npm/8521-11286/-/8521-11286-1.0.0.tgz",
      "integrity": "sha512-GOnY8oAK/0tHKskTuPiOsEHdu356VY4VFSxHo6LGO2OAMHPkQ6jtxmO8UD+ufh6J0dbTddlvnFm48WM3WdJDaQ=="
    },
    "8521-11287": {
      "version": "1.0.0",
      "resolved": "https://ts.sch.gr/npm/8521-11287/-/8521-11287-1.0.0.tgz",
      "integrity": "sha512-M0yS+Z45bZtiQ07vFYddH+I+rkRVmvsY47DbdJJJ7A5JcTlPgo7oNORiyVuJ6Hm0q85Ld7QhKGDFS6+FE9wGbA=="
    },
    "8521-11288": {
      "version": "1.0.0",
      "resolved": "https://ts.sch.gr/npm/8521-11288/-/8521-11288-1.0.0.tgz",
      "integrity": "sha512-scu4b0hORBVNTFteHhX6/n7cgvEBRh7NmNFZVN7ZBRNsBfK+ExLyA3fp364VDVpHs6GhSx3tGszPoEpOVp+cfw=="
    },
    "8521-11289": {
      "version": "1.0.0",
      "resolved": "https://ts.sch.gr/npm/8521-11289/-/8521-11289-1.0.0.tgz",
      "integrity": "sha512-0L7qZr4FgSX8OBqK4lKPQLEPRMFiWbNxtclGe2ORaS5iqDLizJJ4Ls/2oBGTfbyqInWg7jrvdOxwuZdFPKqj5A=="
    },
    "8521-11290": {
      "version": "1.0.0",
      "resolved": "https://ts.sch.gr/npm/8521-11290/-/8521-11290-1.0.0.tgz",
      "integrity": "sha512-jMCT2qVd4uBt+1DaBWxySCc83MejoOMVCCB1nbAQ6+ggPZaEIuEImLCSrxa5wYVNp4k/VNV0/JBS+6ZMWqnYcg=="
    },
    "8521-11291": {
      "version": "1.0.0",
      "resolved": "https://ts.sch.gr/npm/8521-11291/-/8521-11291-1.0.0.tgz",
      "integrity": "sha512-H18f2zb7t0itDFlIM8cNO/uRQQJLlpNvbUHnF7eIJlLqBectDTu3EK4wZqr02tCdaZTUUxxq7FMyIYcuz4aoWg=="
    },
    "8521-11292": {
      "version": "1.0.0",
      "resolved": "https://ts.sch.gr/npm/8521-11292/-/8521-11292-1.0.0.tgz",
      "integrity": "sha512-NIInj2wtAeczfookArLmEAjQit8YFQhdJBQnumqMsJSRFPnY6MCb/qYqf/+DtQ3bpetsRJSp9o3VD7RQ/1r5xQ=="
    },
    "sch-webapps": {
      "version": "1.0.0",
      "resolved": "https://ts.sch.gr/npm/sch-webapps/-/sch-webapps-1.0.0.tgz",
      "integrity": "sha512-CaI6q+4cyhA/fh2zRDN5gzfQNfg/yDRYTUIxseKejefkKxIJudoytozldiXYRS3GjdtYoiViBS+1MMyXvff2ZQ=="
    }
  }
}
